
Microsoft Visual Studio Solution File, Format Version 12.00
# Visual Studio Version 16
VisualStudioVersion = 16.0.31624.102
MinimumVisualStudioVersion = 10.0.40219.1
Project("{FAE04EC0-301F-11D3-BF4B-00C04F79EFBC}") = "WebApi2", "WebApi2\WebApi2.csproj", "{F8A58A04-CD9E-4B1C-A399-6B117EFC96BE}"
EndProject
Global
	GlobalSection(SolutionConfigurationPlatforms) = preSolution
		Debug|Any CPU = Debug|Any CPU
		Release|Any CPU = Release|Any CPU
	EndGlobalSection
	GlobalSection(ProjectConfigurationPlatforms) = postSolution
		{F8A58A04-CD9E-4B1C-A399-6B117EFC96BE}.Debug|Any CPU.ActiveCfg = Debug|Any CPU
		{F8A58A04-CD9E-4B1C-A399-6B117EFC96BE}.Debug|Any CPU.Build.0 = Debug|Any CPU
		{F8A58A04-CD9E-4B1C-A399-6B117EFC96BE}.Release|Any CPU.ActiveCfg = Release|Any CPU
		{F8A58A04-CD9E-4B1C-A399-6B117EFC96BE}.Release|Any CPU.Build.0 = Release|Any CPU
	EndGlobalSection
	GlobalSection(SolutionProperties) = preSolution
		HideSolutionNode = FALSE
	EndGlobalSection
	GlobalSection(ExtensibilityGlobals) = postSolution
		SolutionGuid = {FADD8129-7707-4151-AD9B-2A93250BC0FF}
	EndGlobalSection
EndGlobal
